
Microsoft Visual Studio Solution File, Format Version 12.00
# Visual Studio Version 17
VisualStudioVersion = 17.0.31903.59
MinimumVisualStudioVersion = 10.0.40219.1
Project("{2150E333-8FDC-42A3-9474-1A3956D46DE8}") = "src", "src", "{AC44D066-4520-42FE-8899-5B7DDDAF07AD}"
EndProject
Project("{FAE04EC0-301F-11D3-BF4B-00C04F79EFBC}") = "GDIIECA.Domain", "src\GDIIECA.Domain\GDIIECA.Domain.csproj", "{CAB578BA-C38E-44DA-AA88-E3756B066E4B}"
EndProject
Project("{FAE04EC0-301F-11D3-BF4B-00C04F79EFBC}") = "GDIIECA.Application", "src\GDIIECA.Application\GDIIECA.Application.csproj", "{EC0401FD-01EA-41D9-842E-107BA19CB04A}"
EndProject
Project("{FAE04EC0-301F-11D3-BF4B-00C04F79EFBC}") = "GDIIECA.Infrastructure", "src\GDIIECA.Infrastructure\GDIIECA.Infrastructure.csproj", "{AEB52597-38BB-4075-BA2E-16737BB5598F}"
EndProject
Project("{FAE04EC0-301F-11D3-BF4B-00C04F79EFBC}") = "GDIIECA.Web", "src\GDIIECA.Web\GDIIECA.Web.csproj", "{28E2F232-AED5-4AC4-B347-910514F411E5}"
EndProject
Project("{2150E333-8FDC-42A3-9474-1A3956D46DE8}") = "tests", "tests", "{589A794C-CB92-4F38-8882-5A3F999E6199}"
EndProject
Project("{FAE04EC0-301F-11D3-BF4B-00C04F79EFBC}") = "GDIIECA.Tests", "tests\GDIIECA.Tests\GDIIECA.Tests.csproj", "{9DA081DF-DC2F-44EF-BE98-1BFCE176A750}"
EndProject
Global
	GlobalSection(SolutionConfigurationPlatforms) = preSolution
		Debug|Any CPU = Debug|Any CPU
		Release|Any CPU = Release|Any CPU
	EndGlobalSection
	GlobalSection(SolutionProperties) = preSolution
		HideSolutionNode = FALSE
	EndGlobalSection
	GlobalSection(ProjectConfigurationPlatforms) = postSolution
		{CAB578BA-C38E-44DA-AA88-E3756B066E4B}.Debug|Any CPU.ActiveCfg = Debug|Any CPU
		{CAB578BA-C38E-44DA-AA88-E3756B066E4B}.Debug|Any CPU.Build.0 = Debug|Any CPU
		{CAB578BA-C38E-44DA-AA88-E3756B066E4B}.Release|Any CPU.ActiveCfg = Release|Any CPU
		{CAB578BA-C38E-44DA-AA88-E3756B066E4B}.Release|Any CPU.Build.0 = Release|Any CPU
		{EC0401FD-01EA-41D9-842E-107BA19CB04A}.Debug|Any CPU.ActiveCfg = Debug|Any CPU
		{EC0401FD-01EA-41D9-842E-107BA19CB04A}.Debug|Any CPU.Build.0 = Debug|Any CPU
		{EC0401FD-01EA-41D9-842E-107BA19CB04A}.Release|Any CPU.ActiveCfg = Release|Any CPU
		{EC0401FD-01EA-41D9-842E-107BA19CB04A}.Release|Any CPU.Build.0 = Release|Any CPU
		{AEB52597-38BB-4075-BA2E-16737BB5598F}.Debug|Any CPU.ActiveCfg = Debug|Any CPU
		{AEB52597-38BB-4075-BA2E-16737BB5598F}.Debug|Any CPU.Build.0 = Debug|Any CPU
		{AEB52597-38BB-4075-BA2E-16737BB5598F}.Release|Any CPU.ActiveCfg = Release|Any CPU
		{AEB52597-38BB-4075-BA2E-16737BB5598F}.Release|Any CPU.Build.0 = Release|Any CPU
		{28E2F232-AED5-4AC4-B347-910514F411E5}.Debug|Any CPU.ActiveCfg = Debug|Any CPU
		{28E2F232-AED5-4AC4-B347-910514F411E5}.Debug|Any CPU.Build.0 = Debug|Any CPU
		{28E2F232-AED5-4AC4-B347-910514F411E5}.Release|Any CPU.ActiveCfg = Release|Any CPU
		{28E2F232-AED5-4AC4-B347-910514F411E5}.Release|Any CPU.Build.0 = Release|Any CPU
		{9DA081DF-DC2F-44EF-BE98-1BFCE176A750}.Debug|Any CPU.ActiveCfg = Debug|Any CPU
		{9DA081DF-DC2F-44EF-BE98-1BFCE176A750}.Debug|Any CPU.Build.0 = Debug|Any CPU
		{9DA081DF-DC2F-44EF-BE98-1BFCE176A750}.Release|Any CPU.ActiveCfg = Release|Any CPU
		{9DA081DF-DC2F-44EF-BE98-1BFCE176A750}.Release|Any CPU.Build.0 = Release|Any CPU
	EndGlobalSection
	GlobalSection(NestedProjects) = preSolution
		{CAB578BA-C38E-44DA-AA88-E3756B066E4B} = {AC44D066-4520-42FE-8899-5B7DDDAF07AD}
		{EC0401FD-01EA-41D9-842E-107BA19CB04A} = {AC44D066-4520-42FE-8899-5B7DDDAF07AD}
		{AEB52597-38BB-4075-BA2E-16737BB5598F} = {AC44D066-4520-42FE-8899-5B7DDDAF07AD}
		{28E2F232-AED5-4AC4-B347-910514F411E5} = {AC44D066-4520-42FE-8899-5B7DDDAF07AD}
		{9DA081DF-DC2F-44EF-BE98-1BFCE176A750} = {589A794C-CB92-4F38-8882-5A3F999E6199}
	EndGlobalSection
EndGlobal
